
Microsoft Visual Studio Solution File, Format Version 12.00
# Visual Studio Version 16
VisualStudioVersion = 16.0.29728.190
MinimumVisualStudioVersion = 10.0.40219.1
Project("{00D1A9C2-B5F0-4AF3-8072-F6C62B433612}") = "testDB", "testDB.sqlproj", "{DFB484EE-EDC4-4844-81CE-8DF937CD709E}"
EndProject
Global
	GlobalSection(SolutionConfigurationPlatforms) = preSolution
		Debug|Any CPU = Debug|Any CPU
		Release|Any CPU = Release|Any CPU
	EndGlobalSection
	GlobalSection(ProjectConfigurationPlatforms) = postSolution
		{DFB484EE-EDC4-4844-81CE-8DF937CD709E}.Debug|Any CPU.ActiveCfg = Debug|Any CPU
		{DFB484EE-EDC4-4844-81CE-8DF937CD709E}.Debug|Any CPU.Build.0 = Debug|Any CPU
		{DFB484EE-EDC4-4844-81CE-8DF937CD709E}.Debug|Any CPU.Deploy.0 = Debug|Any CPU
		{DFB484EE-EDC4-4844-81CE-8DF937CD709E}.Release|Any CPU.ActiveCfg = Release|Any CPU
		{DFB484EE-EDC4-4844-81CE-8DF937CD709E}.Release|Any CPU.Build.0 = Release|Any CPU
		{DFB484EE-EDC4-4844-81CE-8DF937CD709E}.Release|Any CPU.Deploy.0 = Release|Any CPU
	EndGlobalSection
	GlobalSection(SolutionProperties) = preSolution
		HideSolutionNode = FALSE
	EndGlobalSection
	GlobalSection(ExtensibilityGlobals) = postSolution
		SolutionGuid = {B3D4B82A-8ED4-49A8-A978-BA4418EEDEB8}
	EndGlobalSection
EndGlobal
